
Microsoft Visual Studio Solution File, Format Version 12.00
# Visual Studio Version 17
VisualStudioVersion = 17.3.32804.467
MinimumVisualStudioVersion = 10.0.40219.1
Project("{FAE04EC0-301F-11D3-BF4B-00C04F79EFBC}") = "Spongy Bubbles Particles App MOO ICT", "Spongy Bubbles Particles App MOO ICT\Spongy Bubbles Particles App MOO ICT.csproj", "{7941F555-05E5-4EB5-BED2-26C0F1141892}"
EndProject
Global
	GlobalSection(SolutionConfigurationPlatforms) = preSolution
		Debug|Any CPU = Debug|Any CPU
		Release|Any CPU = Release|Any CPU
	EndGlobalSection
	GlobalSection(ProjectConfigurationPlatforms) = postSolution
		{7941F555-05E5-4EB5-BED2-26C0F1141892}.Debug|Any CPU.ActiveCfg = Debug|Any CPU
		{7941F555-05E5-4EB5-BED2-26C0F1141892}.Debug|Any CPU.Build.0 = Debug|Any CPU
		{7941F555-05E5-4EB5-BED2-26C0F1141892}.Release|Any CPU.ActiveCfg = Release|Any CPU
		{7941F555-05E5-4EB5-BED2-26C0F1141892}.Release|Any CPU.Build.0 = Release|Any CPU
	EndGlobalSection
	GlobalSection(SolutionProperties) = preSolution
		HideSolutionNode = FALSE
	EndGlobalSection
	GlobalSection(ExtensibilityGlobals) = postSolution
		SolutionGuid = {843D8A22-0BB2-4200-B08F-E027D11922DD}
	EndGlobalSection
EndGlobal
